
Microsoft Visual Studio Solution File, Format Version 12.00
# Visual Studio Version 16
VisualStudioVersion = 16.0.31005.135
MinimumVisualStudioVersion = 10.0.40219.1
Project("{8BC9CEB8-8B4A-11D0-8D11-00A0C91BC942}") = "Project2", "Project2\Project2.vcxproj", "{FFAE9113-8338-4A6B-AF56-7946C67E8F95}"
EndProject
Global
	GlobalSection(SolutionConfigurationPlatforms) = preSolution
		Debug|x64 = Debug|x64
		Debug|x86 = Debug|x86
		Release|x64 = Release|x64
		Release|x86 = Release|x86
	EndGlobalSection
	GlobalSection(ProjectConfigurationPlatforms) = postSolution
		{FFAE9113-8338-4A6B-AF56-7946C67E8F95}.Debug|x64.ActiveCfg = Debug|x64
		{FFAE9113-8338-4A6B-AF56-7946C67E8F95}.Debug|x64.Build.0 = Debug|x64
		{FFAE9113-8338-4A6B-AF56-7946C67E8F95}.Debug|x86.ActiveCfg = Debug|Win32
		{FFAE9113-8338-4A6B-AF56-7946C67E8F95}.Debug|x86.Build.0 = Debug|Win32
		{FFAE9113-8338-4A6B-AF56-7946C67E8F95}.Release|x64.ActiveCfg = Release|x64
		{FFAE9113-8338-4A6B-AF56-7946C67E8F95}.Release|x64.Build.0 = Release|x64
		{FFAE9113-8338-4A6B-AF56-7946C67E8F95}.Release|x86.ActiveCfg = Release|Win32
		{FFAE9113-8338-4A6B-AF56-7946C67E8F95}.Release|x86.Build.0 = Release|Win32
	EndGlobalSection
	GlobalSection(SolutionProperties) = preSolution
		HideSolutionNode = FALSE
	EndGlobalSection
	GlobalSection(ExtensibilityGlobals) = postSolution
		SolutionGuid = {60DEBDAB-E193-4495-A5A4-6B30E51796F9}
	EndGlobalSection
EndGlobal
